
Microsoft Visual Studio Solution File, Format Version 12.00
# Visual Studio Version 17
VisualStudioVersion = 17.5.002.0
MinimumVisualStudioVersion = 10.0.40219.1
Project("{9A19103F-16F7-4668-BE54-9A1E7A4F7556}") = "CAP", "CAP.csproj", "{C27D1ED0-2340-4CAA-950B-9F12426CE05F}"
EndProject
Project("{FAE04EC0-301F-11D3-BF4B-00C04F79EFBC}") = "01_Arrays_Two_Sum", "01_Arrays_Two_Sum\01_Arrays_Two_Sum.csproj", "{C772B765-504F-4228-9790-1E57B8E96FD9}"
EndProject
Project("{FAE04EC0-301F-11D3-BF4B-00C04F79EFBC}") = "02_Arrays_Validate_Subsequence", "02_Arrays_Validate_Subsequence\02_Arrays_Validate_Subsequence.csproj", "{83D82325-0257-424A-9659-8EDB0D7A39F0}"
EndProject
Global
	GlobalSection(SolutionConfigurationPlatforms) = preSolution
		Debug|Any CPU = Debug|Any CPU
		Release|Any CPU = Release|Any CPU
	EndGlobalSection
	GlobalSection(ProjectConfigurationPlatforms) = postSolution
		{C27D1ED0-2340-4CAA-950B-9F12426CE05F}.Debug|Any CPU.ActiveCfg = Debug|Any CPU
		{C27D1ED0-2340-4CAA-950B-9F12426CE05F}.Debug|Any CPU.Build.0 = Debug|Any CPU
		{C27D1ED0-2340-4CAA-950B-9F12426CE05F}.Release|Any CPU.ActiveCfg = Release|Any CPU
		{C27D1ED0-2340-4CAA-950B-9F12426CE05F}.Release|Any CPU.Build.0 = Release|Any CPU
		{C772B765-504F-4228-9790-1E57B8E96FD9}.Debug|Any CPU.ActiveCfg = Debug|Any CPU
		{C772B765-504F-4228-9790-1E57B8E96FD9}.Debug|Any CPU.Build.0 = Debug|Any CPU
		{C772B765-504F-4228-9790-1E57B8E96FD9}.Release|Any CPU.ActiveCfg = Release|Any CPU
		{C772B765-504F-4228-9790-1E57B8E96FD9}.Release|Any CPU.Build.0 = Release|Any CPU
		{83D82325-0257-424A-9659-8EDB0D7A39F0}.Debug|Any CPU.ActiveCfg = Debug|Any CPU
		{83D82325-0257-424A-9659-8EDB0D7A39F0}.Debug|Any CPU.Build.0 = Debug|Any CPU
		{83D82325-0257-424A-9659-8EDB0D7A39F0}.Release|Any CPU.ActiveCfg = Release|Any CPU
		{83D82325-0257-424A-9659-8EDB0D7A39F0}.Release|Any CPU.Build.0 = Release|Any CPU
	EndGlobalSection
	GlobalSection(SolutionProperties) = preSolution
		HideSolutionNode = FALSE
	EndGlobalSection
	GlobalSection(ExtensibilityGlobals) = postSolution
		SolutionGuid = {5FEAD82F-EC87-4EAA-AB1B-6134A06E8877}
	EndGlobalSection
EndGlobal
